// !$*UTF8*$!
{
	archiveVersion = 1;
	classes = {
	};
	objectVersion = 50;
	objects = {

/* Begin PBXBuildFile section */
		B4C311B227E0212800A43E3A /* AppDelegate.swift in Sources */ = {isa = PBXBuildFile; fileRef = B4C311B127E0212800A43E3A /* AppDelegate.swift */; };
		B4C311BB27E0212900A43E3A /* Assets.xcassets in Resources */ = {isa = PBXBuildFile; fileRef = B4C311BA27E0212900A43E3A /* Assets.xcassets */; };
		B4C311C827E022E500A43E3A /* SaveDataViewController.swift in Sources */ = {isa = PBXBuildFile; fileRef = B4C311C627E022E500A43E3A /* SaveDataViewController.swift */; };
		B4C311C927E022E500A43E3A /* SaveDataViewController.xib in Resources */ = {isa = PBXBuildFile; fileRef = B4C311C727E022E500A43E3A /* SaveDataViewController.xib */; };
		B4C311CC27E02E2900A43E3A /* UserDefaultsManager.swift in Sources */ = {isa = PBXBuildFile; fileRef = B4C311CB27E02E2900A43E3A /* UserDefaultsManager.swift */; };
		B4C311CF27E0433D00A43E3A /* KeychainManager.swift in Sources */ = {isa = PBXBuildFile; fileRef = B4C311CE27E0433D00A43E3A /* KeychainManager.swift */; };
		B4C311D227E04F5E00A43E3A /* FileDocumentManager.swift in Sources */ = {isa = PBXBuildFile; fileRef = B4C311D127E04F5E00A43E3A /* FileDocumentManager.swift */; };
		B4C311D627E05D8D00A43E3A /* HomeViewController.swift in Sources */ = {isa = PBXBuildFile; fileRef = B4C311D427E05D8D00A43E3A /* HomeViewController.swift */; };
		B4C311D727E05D8D00A43E3A /* HomeViewController.xib in Resources */ = {isa = PBXBuildFile; fileRef = B4C311D527E05D8D00A43E3A /* HomeViewController.xib */; };
		B4C311DB27E05E9E00A43E3A /* HomeCollectionViewCell.swift in Sources */ = {isa = PBXBuildFile; fileRef = B4C311D927E05E9E00A43E3A /* HomeCollectionViewCell.swift */; };
		B4C311DC27E05E9E00A43E3A /* HomeCollectionViewCell.xib in Resources */ = {isa = PBXBuildFile; fileRef = B4C311DA27E05E9E00A43E3A /* HomeCollectionViewCell.xib */; };
		B4C311E027E0840B00A43E3A /* AddViewController.swift in Sources */ = {isa = PBXBuildFile; fileRef = B4C311DE27E0840B00A43E3A /* AddViewController.swift */; };
		B4C311E127E0840B00A43E3A /* AddViewController.xib in Resources */ = {isa = PBXBuildFile; fileRef = B4C311DF27E0840B00A43E3A /* AddViewController.xib */; };
		B4C311E327E08FE400A43E3A /* Extension.swift in Sources */ = {isa = PBXBuildFile; fileRef = B4C311E227E08FE400A43E3A /* Extension.swift */; };
		B4CB1ADA27E1032E0059097F /* APIManager.swift in Sources */ = {isa = PBXBuildFile; fileRef = B4CB1AD927E1032E0059097F /* APIManager.swift */; };
		B4CB1ADD27E103530059097F /* Person.swift in Sources */ = {isa = PBXBuildFile; fileRef = B4CB1ADC27E103530059097F /* Person.swift */; };
		B4CB1ADF27E1074D0059097F /* API.Persons.swift in Sources */ = {isa = PBXBuildFile; fileRef = B4CB1ADE27E1074D0059097F /* API.Persons.swift */; };
		B4CB1AE127E10B760059097F /* HomeViewModel.swift in Sources */ = {isa = PBXBuildFile; fileRef = B4CB1AE027E10B760059097F /* HomeViewModel.swift */; };
/* End PBXBuildFile section */

/* Begin PBXFileReference section */
		B4C311AE27E0212800A43E3A /* training_ios.app */ = {isa = PBXFileReference; explicitFileType = wrapper.application; includeInIndex = 0; path = training_ios.app; sourceTree = BUILT_PRODUCTS_DIR; };
		B4C311B127E0212800A43E3A /* AppDelegate.swift */ = {isa = PBXFileReference; lastKnownFileType = sourcecode.swift; path = AppDelegate.swift; sourceTree = "<group>"; };
		B4C311BA27E0212900A43E3A /* Assets.xcassets */ = {isa = PBXFileReference; lastKnownFileType = folder.assetcatalog; path = Assets.xcassets; sourceTree = "<group>"; };
		B4C311BF27E0212900A43E3A /* Info.plist */ = {isa = PBXFileReference; lastKnownFileType = text.plist.xml; path = Info.plist; sourceTree = "<group>"; };
		B4C311C627E022E500A43E3A /* SaveDataViewController.swift */ = {isa = PBXFileReference; lastKnownFileType = sourcecode.swift; path = SaveDataViewController.swift; sourceTree = "<group>"; };
		B4C311C727E022E500A43E3A /* SaveDataViewController.xib */ = {isa = PBXFileReference; lastKnownFileType = file.xib; path = SaveDataViewController.xib; sourceTree = "<group>"; };
		B4C311CB27E02E2900A43E3A /* UserDefaultsManager.swift */ = {isa = PBXFileReference; lastKnownFileType = sourcecode.swift; path = UserDefaultsManager.swift; sourceTree = "<group>"; };
		B4C311CE27E0433D00A43E3A /* KeychainManager.swift */ = {isa = PBXFileReference; lastKnownFileType = sourcecode.swift; path = KeychainManager.swift; sourceTree = "<group>"; };
		B4C311D127E04F5E00A43E3A /* FileDocumentManager.swift */ = {isa = PBXFileReference; lastKnownFileType = sourcecode.swift; path = FileDocumentManager.swift; sourceTree = "<group>"; };
		B4C311D427E05D8D00A43E3A /* HomeViewController.swift */ = {isa = PBXFileReference; lastKnownFileType = sourcecode.swift; path = HomeViewController.swift; sourceTree = "<group>"; };
		B4C311D527E05D8D00A43E3A /* HomeViewController.xib */ = {isa = PBXFileReference; lastKnownFileType = file.xib; path = HomeViewController.xib; sourceTree = "<group>"; };
		B4C311D927E05E9E00A43E3A /* HomeCollectionViewCell.swift */ = {isa = PBXFileReference; lastKnownFileType = sourcecode.swift; path = HomeCollectionViewCell.swift; sourceTree = "<group>"; };
		B4C311DA27E05E9E00A43E3A /* HomeCollectionViewCell.xib */ = {isa = PBXFileReference; lastKnownFileType = file.xib; path = HomeCollectionViewCell.xib; sourceTree = "<group>"; };
		B4C311DE27E0840B00A43E3A /* AddViewController.swift */ = {isa = PBXFileReference; lastKnownFileType = sourcecode.swift; path = AddViewController.swift; sourceTree = "<group>"; };
		B4C311DF27E0840B00A43E3A /* AddViewController.xib */ = {isa = PBXFileReference; lastKnownFileType = file.xib; path = AddViewController.xib; sourceTree = "<group>"; };
		B4C311E227E08FE400A43E3A /* Extension.swift */ = {isa = PBXFileReference; lastKnownFileType = sourcecode.swift; path = Extension.swift; sourceTree = "<group>"; };
		B4CB1AD927E1032E0059097F /* APIManager.swift */ = {isa = PBXFileReference; lastKnownFileType = sourcecode.swift; path = APIManager.swift; sourceTree = "<group>"; };
		B4CB1ADC27E103530059097F /* Person.swift */ = {isa = PBXFileReference; lastKnownFileType = sourcecode.swift; path = Person.swift; sourceTree = "<group>"; };
		B4CB1ADE27E1074D0059097F /* API.Persons.swift */ = {isa = PBXFileReference; lastKnownFileType = sourcecode.swift; path = API.Persons.swift; sourceTree = "<group>"; };
		B4CB1AE027E10B760059097F /* HomeViewModel.swift */ = {isa = PBXFileReference; lastKnownFileType = sourcecode.swift; path = HomeViewModel.swift; sourceTree = "<group>"; };
/* End PBXFileReference section */

/* Begin PBXFrameworksBuildPhase section */
		B4C311AB27E0212800A43E3A /* Frameworks */ = {
			isa = PBXFrameworksBuildPhase;
			buildActionMask = 2147483647;
			files = (
			);
			runOnlyForDeploymentPostprocessing = 0;
		};
/* End PBXFrameworksBuildPhase section */

/* Begin PBXGroup section */
		B4C311A527E0212800A43E3A = {
			isa = PBXGroup;
			children = (
				B4C311B027E0212800A43E3A /* training_ios */,
				B4C311AF27E0212800A43E3A /* Products */,
			);
			sourceTree = "<group>";
		};
		B4C311AF27E0212800A43E3A /* Products */ = {
			isa = PBXGroup;
			children = (
				B4C311AE27E0212800A43E3A /* training_ios.app */,
			);
			name = Products;
			sourceTree = "<group>";
		};
		B4C311B027E0212800A43E3A /* training_ios */ = {
			isa = PBXGroup;
			children = (
				B4F3D65D27E46AD500E67CC6 /* ViewController */,
				B4CB1ADB27E103360059097F /* Model */,
				B4CB1AD827E1030E0059097F /* APIManager */,
				B4C311D027E04F1700A43E3A /* SaveFileToDocuments */,
				B4C311CD27E0432A00A43E3A /* KeychainManager */,
				B4C311CA27E02E0400A43E3A /* UserDefaultsManager */,
				B4C311B127E0212800A43E3A /* AppDelegate.swift */,
				B4C311BA27E0212900A43E3A /* Assets.xcassets */,
				B4C311BF27E0212900A43E3A /* Info.plist */,
				B4C311E227E08FE400A43E3A /* Extension.swift */,
			);
			path = training_ios;
			sourceTree = "<group>";
		};
		B4C311C527E022CA00A43E3A /* SaveData */ = {
			isa = PBXGroup;
			children = (
				B4C311C627E022E500A43E3A /* SaveDataViewController.swift */,
				B4C311C727E022E500A43E3A /* SaveDataViewController.xib */,
			);
			path = SaveData;
			sourceTree = "<group>";
		};
		B4C311CA27E02E0400A43E3A /* UserDefaultsManager */ = {
			isa = PBXGroup;
			children = (
				B4C311CB27E02E2900A43E3A /* UserDefaultsManager.swift */,
			);
			path = UserDefaultsManager;
			sourceTree = "<group>";
		};
		B4C311CD27E0432A00A43E3A /* KeychainManager */ = {
			isa = PBXGroup;
			children = (
				B4C311CE27E0433D00A43E3A /* KeychainManager.swift */,
			);
			path = KeychainManager;
			sourceTree = "<group>";
		};
		B4C311D027E04F1700A43E3A /* SaveFileToDocuments */ = {
			isa = PBXGroup;
			children = (
				B4C311D127E04F5E00A43E3A /* FileDocumentManager.swift */,
			);
			path = SaveFileToDocuments;
			sourceTree = "<group>";
		};
		B4C311D327E05D7600A43E3A /* HomeView */ = {
			isa = PBXGroup;
			children = (
				B4C311D827E05E7D00A43E3A /* Cells */,
				B4C311D427E05D8D00A43E3A /* HomeViewController.swift */,
				B4C311D527E05D8D00A43E3A /* HomeViewController.xib */,
				B4CB1AE027E10B760059097F /* HomeViewModel.swift */,
			);
			path = HomeView;
			sourceTree = "<group>";
		};
		B4C311D827E05E7D00A43E3A /* Cells */ = {
			isa = PBXGroup;
			children = (
				B4C311D927E05E9E00A43E3A /* HomeCollectionViewCell.swift */,
				B4C311DA27E05E9E00A43E3A /* HomeCollectionViewCell.xib */,
			);
			path = Cells;
			sourceTree = "<group>";
		};
		B4C311DD27E083E900A43E3A /* AddView */ = {
			isa = PBXGroup;
			children = (
				B4C311DE27E0840B00A43E3A /* AddViewController.swift */,
				B4C311DF27E0840B00A43E3A /* AddViewController.xib */,
			);
			path = AddView;
			sourceTree = "<group>";
		};
		B4CB1AD827E1030E0059097F /* APIManager */ = {
			isa = PBXGroup;
			children = (
				B4CB1AD927E1032E0059097F /* APIManager.swift */,
				B4CB1ADE27E1074D0059097F /* API.Persons.swift */,
			);
			path = APIManager;
			sourceTree = "<group>";
		};
		B4CB1ADB27E103360059097F /* Model */ = {
			isa = PBXGroup;
			children = (
				B4CB1ADC27E103530059097F /* Person.swift */,
			);
			path = Model;
			sourceTree = "<group>";
		};
		B4F3D65D27E46AD500E67CC6 /* ViewController */ = {
			isa = PBXGroup;
			children = (
				B4C311DD27E083E900A43E3A /* AddView */,
				B4C311C527E022CA00A43E3A /* SaveData */,
				B4C311D327E05D7600A43E3A /* HomeView */,
			);
			path = ViewController;
			sourceTree = "<group>";
		};
/* End PBXGroup section */

/* Begin PBXNativeTarget section */
		B4C311AD27E0212800A43E3A /* training_ios */ = {
			isa = PBXNativeTarget;
			buildConfigurationList = B4C311C227E0212900A43E3A /* Build configuration list for PBXNativeTarget "training_ios" */;
			buildPhases = (
				B4C311AA27E0212800A43E3A /* Sources */,
				B4C311AB27E0212800A43E3A /* Frameworks */,
				B4C311AC27E0212800A43E3A /* Resources */,
			);
			buildRules = (
			);
			dependencies = (
			);
			name = training_ios;
			productName = training_ios;
			productReference = B4C311AE27E0212800A43E3A /* training_ios.app */;
			productType = "com.apple.product-type.application";
		};
/* End PBXNativeTarget section */

/* Begin PBXProject section */
		B4C311A627E0212800A43E3A /* Project object */ = {
			isa = PBXProject;
			attributes = {
				LastSwiftUpdateCheck = 1250;
				LastUpgradeCheck = 1250;
				TargetAttributes = {
					B4C311AD27E0212800A43E3A = {
						CreatedOnToolsVersion = 12.5.1;
					};
				};
			};
			buildConfigurationList = B4C311A927E0212800A43E3A /* Build configuration list for PBXProject "training_ios" */;
			compatibilityVersion = "Xcode 9.3";
			developmentRegion = en;
			hasScannedForEncodings = 0;
			knownRegions = (
				en,
				Base,
			);
			mainGroup = B4C311A527E0212800A43E3A;
			productRefGroup = B4C311AF27E0212800A43E3A /* Products */;
			projectDirPath = "";
			projectRoot = "";
			targets = (
				B4C311AD27E0212800A43E3A /* training_ios */,
			);
		};
/* End PBXProject section */

/* Begin PBXResourcesBuildPhase section */
		B4C311AC27E0212800A43E3A /* Resources */ = {
			isa = PBXResourcesBuildPhase;
			buildActionMask = 2147483647;
			files = (
				B4C311BB27E0212900A43E3A /* Assets.xcassets in Resources */,
				B4C311C927E022E500A43E3A /* SaveDataViewController.xib in Resources */,
				B4C311E127E0840B00A43E3A /* AddViewController.xib in Resources */,
				B4C311D727E05D8D00A43E3A /* HomeViewController.xib in Resources */,
				B4C311DC27E05E9E00A43E3A /* HomeCollectionViewCell.xib in Resources */,
			);
			runOnlyForDeploymentPostprocessing = 0;
		};
/* End PBXResourcesBuildPhase section */

/* Begin PBXSourcesBuildPhase section */
		B4C311AA27E0212800A43E3A /* Sources */ = {
			isa = PBXSourcesBuildPhase;
			buildActionMask = 2147483647;
			files = (
				B4C311E327E08FE400A43E3A /* Extension.swift in Sources */,
				B4C311DB27E05E9E00A43E3A /* HomeCollectionViewCell.swift in Sources */,
				B4CB1ADA27E1032E0059097F /* APIManager.swift in Sources */,
				B4C311B227E0212800A43E3A /* AppDelegate.swift in Sources */,
				B4CB1ADD27E103530059097F /* Person.swift in Sources */,
				B4C311E027E0840B00A43E3A /* AddViewController.swift in Sources */,
				B4CB1ADF27E1074D0059097F /* API.Persons.swift in Sources */,
				B4C311C827E022E500A43E3A /* SaveDataViewController.swift in Sources */,
				B4CB1AE127E10B760059097F /* HomeViewModel.swift in Sources */,
				B4C311CC27E02E2900A43E3A /* UserDefaultsManager.swift in Sources */,
				B4C311D227E04F5E00A43E3A /* FileDocumentManager.swift in Sources */,
				B4C311CF27E0433D00A43E3A /* KeychainManager.swift in Sources */,
				B4C311D627E05D8D00A43E3A /* HomeViewController.swift in Sources */,
			);
			runOnlyForDeploymentPostprocessing = 0;
		};
/* End PBXSourcesBuildPhase section */

/* Begin XCBuildConfiguration section */
		B4C311C027E0212900A43E3A /* Debug */ = {
			isa = XCBuildConfiguration;
			buildSettings = {
				ALWAYS_SEARCH_USER_PATHS = NO;
				CLANG_ANALYZER_NONNULL = YES;
				CLANG_ANALYZER_NUMBER_OBJECT_CONVERSION = YES_AGGRESSIVE;
				CLANG_CXX_LANGUAGE_STANDARD = "gnu++14";
				CLANG_CXX_LIBRARY = "libc++";
				CLANG_ENABLE_MODULES = YES;
				CLANG_ENABLE_OBJC_ARC = YES;
				CLANG_ENABLE_OBJC_WEAK = YES;
				CLANG_WARN_BLOCK_CAPTURE_AUTORELEASING = YES;
				CLANG_WARN_BOOL_CONVERSION = YES;
				CLANG_WARN_COMMA = YES;
				CLANG_WARN_CONSTANT_CONVERSION = YES;
				CLANG_WARN_DEPRECATED_OBJC_IMPLEMENTATIONS = YES;
				CLANG_WARN_DIRECT_OBJC_ISA_USAGE = YES_ERROR;
				CLANG_WARN_DOCUMENTATION_COMMENTS = YES;
				CLANG_WARN_EMPTY_BODY = YES;
				CLANG_WARN_ENUM_CONVERSION = YES;
				CLANG_WARN_INFINITE_RECURSION = YES;
				CLANG_WARN_INT_CONVERSION = YES;
				CLANG_WARN_NON_LITERAL_NULL_CONVERSION = YES;
				CLANG_WARN_OBJC_IMPLICIT_RETAIN_SELF = YES;
				CLANG_WARN_OBJC_LITERAL_CONVERSION = YES;
				CLANG_WARN_OBJC_ROOT_CLASS = YES_ERROR;
				CLANG_WARN_QUOTED_INCLUDE_IN_FRAMEWORK_HEADER = YES;
				CLANG_WARN_RANGE_LOOP_ANALYSIS = YES;
				CLANG_WARN_STRICT_PROTOTYPES = YES;
				CLANG_WARN_SUSPICIOUS_MOVE = YES;
				CLANG_WARN_UNGUARDED_AVAILABILITY = YES_AGGRESSIVE;
				CLANG_WARN_UNREACHABLE_CODE = YES;
				CLANG_WARN__DUPLICATE_METHOD_MATCH = YES;
				COPY_PHASE_STRIP = NO;
				DEBUG_INFORMATION_FORMAT = dwarf;
				ENABLE_STRICT_OBJC_MSGSEND = YES;
				ENABLE_TESTABILITY = YES;
				GCC_C_LANGUAGE_STANDARD = gnu11;
				GCC_DYNAMIC_NO_PIC = NO;
				GCC_NO_COMMON_BLOCKS = YES;
				GCC_OPTIMIZATION_LEVEL = 0;
				GCC_PREPROCESSOR_DEFINITIONS = (
					"DEBUG=1",
					"$(inherited)",
				);
				GCC_WARN_64_TO_32_BIT_CONVERSION = YES;
				GCC_WARN_ABOUT_RETURN_TYPE = YES_ERROR;
				GCC_WARN_UNDECLARED_SELECTOR = YES;
				GCC_WARN_UNINITIALIZED_AUTOS = YES_AGGRESSIVE;
				GCC_WARN_UNUSED_FUNCTION = YES;
				GCC_WARN_UNUSED_VARIABLE = YES;
				IPHONEOS_DEPLOYMENT_TARGET = 14.5;
				MTL_ENABLE_DEBUG_INFO = INCLUDE_SOURCE;
				MTL_FAST_MATH = YES;
				ONLY_ACTIVE_ARCH = YES;
				SDKROOT = iphoneos;
				SWIFT_ACTIVE_COMPILATION_CONDITIONS = DEBUG;
				SWIFT_OPTIMIZATION_LEVEL = "-Onone";
			};
			name = Debug;
		};
		B4C311C127E0212900A43E3A /* Release */ = {
			isa = XCBuildConfiguration;
			buildSettings = {
				ALWAYS_SEARCH_USER_PATHS = NO;
				CLANG_ANALYZER_NONNULL = YES;
				CLANG_ANALYZER_NUMBER_OBJECT_CONVERSION = YES_AGGRESSIVE;
				CLANG_CXX_LANGUAGE_STANDARD = "gnu++14";
				CLANG_CXX_LIBRARY = "libc++";
				CLANG_ENABLE_MODULES = YES;
				CLANG_ENABLE_OBJC_ARC = YES;
				CLANG_ENABLE_OBJC_WEAK = YES;
				CLANG_WARN_BLOCK_CAPTURE_AUTORELEASING = YES;
				CLANG_WARN_BOOL_CONVERSION = YES;
				CLANG_WARN_COMMA = YES;
				CLANG_WARN_CONSTANT_CONVERSION = YES;
				CLANG_WARN_DEPRECATED_OBJC_IMPLEMENTATIONS = YES;
				CLANG_WARN_DIRECT_OBJC_ISA_USAGE = YES_ERROR;
				CLANG_WARN_DOCUMENTATION_COMMENTS = YES;
				CLANG_WARN_EMPTY_BODY = YES;
				CLANG_WARN_ENUM_CONVERSION = YES;
				CLANG_WARN_INFINITE_RECURSION = YES;
				CLANG_WARN_INT_CONVERSION = YES;
				CLANG_WARN_NON_LITERAL_NULL_CONVERSION = YES;
				CLANG_WARN_OBJC_IMPLICIT_RETAIN_SELF = YES;
				CLANG_WARN_OBJC_LITERAL_CONVERSION = YES;
				CLANG_WARN_OBJC_ROOT_CLASS = YES_ERROR;
				CLANG_WARN_QUOTED_INCLUDE_IN_FRAMEWORK_HEADER = YES;
				CLANG_WARN_RANGE_LOOP_ANALYSIS = YES;
				CLANG_WARN_STRICT_PROTOTYPES = YES;
				CLANG_WARN_SUSPICIOUS_MOVE = YES;
				CLANG_WARN_UNGUARDED_AVAILABILITY = YES_AGGRESSIVE;
				CLANG_WARN_UNREACHABLE_CODE = YES;
				CLANG_WARN__DUPLICATE_METHOD_MATCH = YES;
				COPY_PHASE_STRIP = NO;
				DEBUG_INFORMATION_FORMAT = "dwarf-with-dsym";
				ENABLE_NS_ASSERTIONS = NO;
				ENABLE_STRICT_OBJC_MSGSEND = YES;
				GCC_C_LANGUAGE_STANDARD = gnu11;
				GCC_NO_COMMON_BLOCKS = YES;
				GCC_WARN_64_TO_32_BIT_CONVERSION = YES;
				GCC_WARN_ABOUT_RETURN_TYPE = YES_ERROR;
				GCC_WARN_UNDECLARED_SELECTOR = YES;
				GCC_WARN_UNINITIALIZED_AUTOS = YES_AGGRESSIVE;
				GCC_WARN_UNUSED_FUNCTION = YES;
				GCC_WARN_UNUSED_VARIABLE = YES;
				IPHONEOS_DEPLOYMENT_TARGET = 14.5;
				MTL_ENABLE_DEBUG_INFO = NO;
				MTL_FAST_MATH = YES;
				SDKROOT = iphoneos;
				SWIFT_COMPILATION_MODE = wholemodule;
				SWIFT_OPTIMIZATION_LEVEL = "-O";
				VALIDATE_PRODUCT = YES;
			};
			name = Release;
		};
		B4C311C327E0212900A43E3A /* Debug */ = {
			isa = XCBuildConfiguration;
			buildSettings = {
				ASSETCATALOG_COMPILER_APPICON_NAME = AppIcon;
				ASSETCATALOG_COMPILER_GLOBAL_ACCENT_COLOR_NAME = AccentColor;
				CODE_SIGN_STYLE = Automatic;
				DEVELOPMENT_TEAM = 2UD6VKV8AK;
				INFOPLIST_FILE = training_ios/Info.plist;
				LD_RUNPATH_SEARCH_PATHS = (
					"$(inherited)",
					"@executable_path/Frameworks",
				);
				PRODUCT_BUNDLE_IDENTIFIER = "iahtnavmahp.com.training-ios";
				PRODUCT_NAME = "$(TARGET_NAME)";
				SWIFT_VERSION = 5.0;
				TARGETED_DEVICE_FAMILY = "1,2";
			};
			name = Debug;
		};
		B4C311C427E0212900A43E3A /* Release */ = {
			isa = XCBuildConfiguration;
			buildSettings = {
				ASSETCATALOG_COMPILER_APPICON_NAME = AppIcon;
				ASSETCATALOG_COMPILER_GLOBAL_ACCENT_COLOR_NAME = AccentColor;
				CODE_SIGN_STYLE = Automatic;
				DEVELOPMENT_TEAM = 2UD6VKV8AK;
				INFOPLIST_FILE = training_ios/Info.plist;
				LD_RUNPATH_SEARCH_PATHS = (
					"$(inherited)",
					"@executable_path/Frameworks",
				);
				PRODUCT_BUNDLE_IDENTIFIER = "iahtnavmahp.com.training-ios";
				PRODUCT_NAME = "$(TARGET_NAME)";
				SWIFT_VERSION = 5.0;
				TARGETED_DEVICE_FAMILY = "1,2";
			};
			name = Release;
		};
/* End XCBuildConfiguration section */

/* Begin XCConfigurationList section */
		B4C311A927E0212800A43E3A /* Build configuration list for PBXProject "training_ios" */ = {
			isa = XCConfigurationList;
			buildConfigurations = (
				B4C311C027E0212900A43E3A /* Debug */,
				B4C311C127E0212900A43E3A /* Release */,
			);
			defaultConfigurationIsVisible = 0;
			defaultConfigurationName = Release;
		};
		B4C311C227E0212900A43E3A /* Build configuration list for PBXNativeTarget "training_ios" */ = {
			isa = XCConfigurationList;
			buildConfigurations = (
				B4C311C327E0212900A43E3A /* Debug */,
				B4C311C427E0212900A43E3A /* Release */,
			);
			defaultConfigurationIsVisible = 0;
			defaultConfigurationName = Release;
		};
/* End XCConfigurationList section */
	};
	rootObject = B4C311A627E0212800A43E3A /* Project object */;
}
